
Microsoft Visual Studio Solution File, Format Version 12.00
# Visual Studio Version 16
VisualStudioVersion = 16.0.31005.135
MinimumVisualStudioVersion = 10.0.40219.1
Project("{FAE04EC0-301F-11D3-BF4B-00C04F79EFBC}") = "diferentes tipos de año", "diferentes tipos de año.csproj", "{6453C612-0794-4C48-A7F8-98CFA7458230}"
EndProject
Global
	GlobalSection(SolutionConfigurationPlatforms) = preSolution
		Debug|Any CPU = Debug|Any CPU
		Release|Any CPU = Release|Any CPU
	EndGlobalSection
	GlobalSection(ProjectConfigurationPlatforms) = postSolution
		{6453C612-0794-4C48-A7F8-98CFA7458230}.Debug|Any CPU.ActiveCfg = Debug|Any CPU
		{6453C612-0794-4C48-A7F8-98CFA7458230}.Debug|Any CPU.Build.0 = Debug|Any CPU
		{6453C612-0794-4C48-A7F8-98CFA7458230}.Release|Any CPU.ActiveCfg = Release|Any CPU
		{6453C612-0794-4C48-A7F8-98CFA7458230}.Release|Any CPU.Build.0 = Release|Any CPU
	EndGlobalSection
	GlobalSection(SolutionProperties) = preSolution
		HideSolutionNode = FALSE
	EndGlobalSection
	GlobalSection(ExtensibilityGlobals) = postSolution
		SolutionGuid = {C1932199-0FA1-41D9-BB10-9FBE8C9BD8CF}
	EndGlobalSection
EndGlobal
